
Microsoft Visual Studio Solution File, Format Version 12.00
# Visual Studio Version 16
VisualStudioVersion = 16.0.30011.22
MinimumVisualStudioVersion = 10.0.40219.1
Project("{FAE04EC0-301F-11D3-BF4B-00C04F79EFBC}") = "Reddit-Monitor", "Reddit-Monitor.csproj", "{BA2AEC48-B1F0-4F0E-AC2B-F5A39CE59437}"
EndProject
Global
	GlobalSection(SolutionConfigurationPlatforms) = preSolution
		Debug|Any CPU = Debug|Any CPU
		Release|Any CPU = Release|Any CPU
	EndGlobalSection
	GlobalSection(ProjectConfigurationPlatforms) = postSolution
		{BA2AEC48-B1F0-4F0E-AC2B-F5A39CE59437}.Debug|Any CPU.ActiveCfg = Debug|Any CPU
		{BA2AEC48-B1F0-4F0E-AC2B-F5A39CE59437}.Debug|Any CPU.Build.0 = Debug|Any CPU
		{BA2AEC48-B1F0-4F0E-AC2B-F5A39CE59437}.Release|Any CPU.ActiveCfg = Release|Any CPU
		{BA2AEC48-B1F0-4F0E-AC2B-F5A39CE59437}.Release|Any CPU.Build.0 = Release|Any CPU
	EndGlobalSection
	GlobalSection(SolutionProperties) = preSolution
		HideSolutionNode = FALSE
	EndGlobalSection
	GlobalSection(ExtensibilityGlobals) = postSolution
		SolutionGuid = {49F8ABF5-FD9C-4309-8491-F7EB8F6BC615}
	EndGlobalSection
EndGlobal
